// !$*UTF8*$!
{
	archiveVersion = 1;
	classes = {
	};
	objectVersion = 46;
	objects = {

/* Begin PBXAggregateTarget section */
		364A5BF51B799D6E00C1CAE8 /* libBCPaySDK */ = {
			isa = PBXAggregateTarget;
			buildConfigurationList = 364A5BF61B799D6E00C1CAE8 /* Build configuration list for PBXAggregateTarget "libBCPaySDK" */;
			buildPhases = (
				364A5BF91B799D7200C1CAE8 /* ShellScript */,
			);
			dependencies = (
				364A5BFB1B79BB1300C1CAE8 /* PBXTargetDependency */,
			);
			name = libBCPaySDK;
			productName = libBCPaySDK;
		};
/* End PBXAggregateTarget section */

/* Begin PBXBuildFile section */
		363A421C1D2643D2004E66EF /* BeeCloud.h in Headers */ = {isa = PBXBuildFile; fileRef = 363A41C31D2643D2004E66EF /* BeeCloud.h */; };
		363A421D1D2643D2004E66EF /* BeeCloud.m in Sources */ = {isa = PBXBuildFile; fileRef = 363A41C41D2643D2004E66EF /* BeeCloud.m */; };
		363A421E1D2643D2004E66EF /* EUExBase.h in Headers */ = {isa = PBXBuildFile; fileRef = 363A41C51D2643D2004E66EF /* EUExBase.h */; };
		363A421F1D2643D2004E66EF /* EUExBaseDefine.h in Headers */ = {isa = PBXBuildFile; fileRef = 363A41C61D2643D2004E66EF /* EUExBaseDefine.h */; };
		363A42201D2643D2004E66EF /* EUtility.h in Headers */ = {isa = PBXBuildFile; fileRef = 363A41C71D2643D2004E66EF /* EUtility.h */; };
		363A42211D2643D2004E66EF /* AlipaySDK.h in Headers */ = {isa = PBXBuildFile; fileRef = 363A41CB1D2643D2004E66EF /* AlipaySDK.h */; };
		363A42221D2643D2004E66EF /* APayAuthInfo.h in Headers */ = {isa = PBXBuildFile; fileRef = 363A41CC1D2643D2004E66EF /* APayAuthInfo.h */; };
		363A42231D2643D2004E66EF /* libUPAPayPlugin.a in Frameworks */ = {isa = PBXBuildFile; fileRef = 363A41CE1D2643D2004E66EF /* libUPAPayPlugin.a */; };
		363A42241D2643D2004E66EF /* UPAPayPlugin.h in Headers */ = {isa = PBXBuildFile; fileRef = 363A41CF1D2643D2004E66EF /* UPAPayPlugin.h */; };
		363A42251D2643D2004E66EF /* UPAPayPluginDelegate.h in Headers */ = {isa = PBXBuildFile; fileRef = 363A41D01D2643D2004E66EF /* UPAPayPluginDelegate.h */; };
		363A42261D2643D2004E66EF /* JSON.h in Headers */ = {isa = PBXBuildFile; fileRef = 363A41D21D2643D2004E66EF /* JSON.h */; };
		363A42271D2643D2004E66EF /* JSONParser.h in Headers */ = {isa = PBXBuildFile; fileRef = 363A41D31D2643D2004E66EF /* JSONParser.h */; };
		363A42281D2643D2004E66EF /* NSObject+SBJSON.h in Headers */ = {isa = PBXBuildFile; fileRef = 363A41D41D2643D2004E66EF /* NSObject+SBJSON.h */; };
		363A42291D2643D2004E66EF /* NSString+SBJSON.h in Headers */ = {isa = PBXBuildFile; fileRef = 363A41D51D2643D2004E66EF /* NSString+SBJSON.h */; };
		363A422A1D2643D2004E66EF /* SBJSON.h in Headers */ = {isa = PBXBuildFile; fileRef = 363A41D61D2643D2004E66EF /* SBJSON.h */; };
		363A422B1D2643D2004E66EF /* SBJsonBase.h in Headers */ = {isa = PBXBuildFile; fileRef = 363A41D71D2643D2004E66EF /* SBJsonBase.h */; };
		363A422C1D2643D2004E66EF /* SBJsonParser.h in Headers */ = {isa = PBXBuildFile; fileRef = 363A41D81D2643D2004E66EF /* SBJsonParser.h */; };
		363A422D1D2643D2004E66EF /* SBJsonWriter.h in Headers */ = {isa = PBXBuildFile; fileRef = 363A41D91D2643D2004E66EF /* SBJsonWriter.h */; };
		363A422E1D2643D2004E66EF /* libUPPayPlugin.a in Frameworks */ = {isa = PBXBuildFile; fileRef = 363A41DB1D2643D2004E66EF /* libUPPayPlugin.a */; };
		363A422F1D2643D2004E66EF /* UPPayPlugin.h in Headers */ = {isa = PBXBuildFile; fileRef = 363A41DC1D2643D2004E66EF /* UPPayPlugin.h */; };
		363A42301D2643D2004E66EF /* UPPayPluginDelegate.h in Headers */ = {isa = PBXBuildFile; fileRef = 363A41DD1D2643D2004E66EF /* UPPayPluginDelegate.h */; };
		363A42321D2643D2004E66EF /* WXApi.h in Headers */ = {isa = PBXBuildFile; fileRef = 363A41E01D2643D2004E66EF /* WXApi.h */; };
		363A42331D2643D2004E66EF /* WXApiObject.h in Headers */ = {isa = PBXBuildFile; fileRef = 363A41E11D2643D2004E66EF /* WXApiObject.h */; };
		363A42341D2643D2004E66EF /* BCHTTPSessionManager.h in Headers */ = {isa = PBXBuildFile; fileRef = 363A41E51D2643D2004E66EF /* BCHTTPSessionManager.h */; };
		363A42351D2643D2004E66EF /* BCHTTPSessionManager.m in Sources */ = {isa = PBXBuildFile; fileRef = 363A41E61D2643D2004E66EF /* BCHTTPSessionManager.m */; };
		363A42361D2643D2004E66EF /* BCNetworking.h in Headers */ = {isa = PBXBuildFile; fileRef = 363A41E71D2643D2004E66EF /* BCNetworking.h */; };
		363A42371D2643D2004E66EF /* BCNetworkReachabilityManager.h in Headers */ = {isa = PBXBuildFile; fileRef = 363A41E81D2643D2004E66EF /* BCNetworkReachabilityManager.h */; };
		363A42381D2643D2004E66EF /* BCNetworkReachabilityManager.m in Sources */ = {isa = PBXBuildFile; fileRef = 363A41E91D2643D2004E66EF /* BCNetworkReachabilityManager.m */; };
		363A42391D2643D2004E66EF /* BCSecurityPolicy.h in Headers */ = {isa = PBXBuildFile; fileRef = 363A41EA1D2643D2004E66EF /* BCSecurityPolicy.h */; };
		363A423A1D2643D2004E66EF /* BCSecurityPolicy.m in Sources */ = {isa = PBXBuildFile; fileRef = 363A41EB1D2643D2004E66EF /* BCSecurityPolicy.m */; };
		363A423B1D2643D2004E66EF /* BCURLRequestSerialization.h in Headers */ = {isa = PBXBuildFile; fileRef = 363A41EC1D2643D2004E66EF /* BCURLRequestSerialization.h */; };
		363A423C1D2643D2004E66EF /* BCURLRequestSerialization.m in Sources */ = {isa = PBXBuildFile; fileRef = 363A41ED1D2643D2004E66EF /* BCURLRequestSerialization.m */; };
		363A423D1D2643D2004E66EF /* BCURLResponseSerialization.h in Headers */ = {isa = PBXBuildFile; fileRef = 363A41EE1D2643D2004E66EF /* BCURLResponseSerialization.h */; };
		363A423E1D2643D2004E66EF /* BCURLResponseSerialization.m in Sources */ = {isa = PBXBuildFile; fileRef = 363A41EF1D2643D2004E66EF /* BCURLResponseSerialization.m */; };
		363A423F1D2643D2004E66EF /* BCURLSessionManager.h in Headers */ = {isa = PBXBuildFile; fileRef = 363A41F01D2643D2004E66EF /* BCURLSessionManager.h */; };
		363A42401D2643D2004E66EF /* BCURLSessionManager.m in Sources */ = {isa = PBXBuildFile; fileRef = 363A41F11D2643D2004E66EF /* BCURLSessionManager.m */; };
		363A42411D2643D2004E66EF /* BCPayCache.h in Headers */ = {isa = PBXBuildFile; fileRef = 363A41F21D2643D2004E66EF /* BCPayCache.h */; };
		363A42421D2643D2004E66EF /* BCPayCache.m in Sources */ = {isa = PBXBuildFile; fileRef = 363A41F31D2643D2004E66EF /* BCPayCache.m */; };
		363A42431D2643D2004E66EF /* BCPayConstant.h in Headers */ = {isa = PBXBuildFile; fileRef = 363A41F41D2643D2004E66EF /* BCPayConstant.h */; };
		363A42441D2643D2004E66EF /* BCPayUtil.h in Headers */ = {isa = PBXBuildFile; fileRef = 363A41F51D2643D2004E66EF /* BCPayUtil.h */; };
		363A42451D2643D2004E66EF /* BCPayUtil.m in Sources */ = {isa = PBXBuildFile; fileRef = 363A41F61D2643D2004E66EF /* BCPayUtil.m */; };
		363A42461D2643D2004E66EF /* NSDictionary+Utils.h in Headers */ = {isa = PBXBuildFile; fileRef = 363A41F71D2643D2004E66EF /* NSDictionary+Utils.h */; };
		363A42471D2643D2004E66EF /* NSDictionary+Utils.m in Sources */ = {isa = PBXBuildFile; fileRef = 363A41F81D2643D2004E66EF /* NSDictionary+Utils.m */; };
		363A42481D2643D2004E66EF /* NSString+IsValid.h in Headers */ = {isa = PBXBuildFile; fileRef = 363A41F91D2643D2004E66EF /* NSString+IsValid.h */; };
		363A42491D2643D2004E66EF /* NSString+IsValid.m in Sources */ = {isa = PBXBuildFile; fileRef = 363A41FA1D2643D2004E66EF /* NSString+IsValid.m */; };
		363A424A1D2643D2004E66EF /* BaiduViewController.h in Headers */ = {isa = PBXBuildFile; fileRef = 363A41FC1D2643D2004E66EF /* BaiduViewController.h */; };
		363A424B1D2643D2004E66EF /* BaiduViewController.m in Sources */ = {isa = PBXBuildFile; fileRef = 363A41FD1D2643D2004E66EF /* BaiduViewController.m */; };
		363A424C1D2643D2004E66EF /* PaySandBoxViewController.h in Headers */ = {isa = PBXBuildFile; fileRef = 363A41FE1D2643D2004E66EF /* PaySandBoxViewController.h */; };
		363A424D1D2643D2004E66EF /* PaySandBoxViewController.m in Sources */ = {isa = PBXBuildFile; fileRef = 363A41FF1D2643D2004E66EF /* PaySandBoxViewController.m */; };
		363A424E1D2643D2004E66EF /* BCPay.h in Headers */ = {isa = PBXBuildFile; fileRef = 363A42011D2643D2004E66EF /* BCPay.h */; };
		363A424F1D2643D2004E66EF /* BCPay.m in Sources */ = {isa = PBXBuildFile; fileRef = 363A42021D2643D2004E66EF /* BCPay.m */; };
		363A42501D2643D2004E66EF /* BCPayObjects.h in Headers */ = {isa = PBXBuildFile; fileRef = 363A42031D2643D2004E66EF /* BCPayObjects.h */; };
		363A42511D2643D2004E66EF /* BCBaseReq.h in Headers */ = {isa = PBXBuildFile; fileRef = 363A42061D2643D2004E66EF /* BCBaseReq.h */; };
		363A42521D2643D2004E66EF /* BCBaseReq.m in Sources */ = {isa = PBXBuildFile; fileRef = 363A42071D2643D2004E66EF /* BCBaseReq.m */; };
		363A42531D2643D2004E66EF /* BCPayReq.h in Headers */ = {isa = PBXBuildFile; fileRef = 363A42081D2643D2004E66EF /* BCPayReq.h */; };
		363A42541D2643D2004E66EF /* BCPayReq.m in Sources */ = {isa = PBXBuildFile; fileRef = 363A42091D2643D2004E66EF /* BCPayReq.m */; };
		363A42551D2643D2004E66EF /* BCQueryRefundReq.h in Headers */ = {isa = PBXBuildFile; fileRef = 363A420A1D2643D2004E66EF /* BCQueryRefundReq.h */; };
		363A42561D2643D2004E66EF /* BCQueryRefundReq.m in Sources */ = {isa = PBXBuildFile; fileRef = 363A420B1D2643D2004E66EF /* BCQueryRefundReq.m */; };
		363A42571D2643D2004E66EF /* BCQueryReq.h in Headers */ = {isa = PBXBuildFile; fileRef = 363A420C1D2643D2004E66EF /* BCQueryReq.h */; };
		363A42581D2643D2004E66EF /* BCQueryReq.m in Sources */ = {isa = PBXBuildFile; fileRef = 363A420D1D2643D2004E66EF /* BCQueryReq.m */; };
		363A42591D2643D2004E66EF /* BCBaseResp.h in Headers */ = {isa = PBXBuildFile; fileRef = 363A420F1D2643D2004E66EF /* BCBaseResp.h */; };
		363A425A1D2643D2004E66EF /* BCBaseResp.m in Sources */ = {isa = PBXBuildFile; fileRef = 363A42101D2643D2004E66EF /* BCBaseResp.m */; };
		363A425B1D2643D2004E66EF /* BCPayResp.h in Headers */ = {isa = PBXBuildFile; fileRef = 363A42111D2643D2004E66EF /* BCPayResp.h */; };
		363A425C1D2643D2004E66EF /* BCPayResp.m in Sources */ = {isa = PBXBuildFile; fileRef = 363A42121D2643D2004E66EF /* BCPayResp.m */; };
		363A425D1D2643D2004E66EF /* BCQueryResp.h in Headers */ = {isa = PBXBuildFile; fileRef = 363A42131D2643D2004E66EF /* BCQueryResp.h */; };
		363A425E1D2643D2004E66EF /* BCQueryResp.m in Sources */ = {isa = PBXBuildFile; fileRef = 363A42141D2643D2004E66EF /* BCQueryResp.m */; };
		363A425F1D2643D2004E66EF /* BCBaseResult.h in Headers */ = {isa = PBXBuildFile; fileRef = 363A42161D2643D2004E66EF /* BCBaseResult.h */; };
		363A42601D2643D2004E66EF /* BCBaseResult.m in Sources */ = {isa = PBXBuildFile; fileRef = 363A42171D2643D2004E66EF /* BCBaseResult.m */; };
		363A42611D2643D2004E66EF /* BCQueryBillResult.h in Headers */ = {isa = PBXBuildFile; fileRef = 363A42181D2643D2004E66EF /* BCQueryBillResult.h */; };
		363A42621D2643D2004E66EF /* BCQueryBillResult.m in Sources */ = {isa = PBXBuildFile; fileRef = 363A42191D2643D2004E66EF /* BCQueryBillResult.m */; };
		363A42631D2643D2004E66EF /* BCQueryRefundResult.h in Headers */ = {isa = PBXBuildFile; fileRef = 363A421A1D2643D2004E66EF /* BCQueryRefundResult.h */; };
		363A42641D2643D2004E66EF /* BCQueryRefundResult.m in Sources */ = {isa = PBXBuildFile; fileRef = 363A421B1D2643D2004E66EF /* BCQueryRefundResult.m */; };
		363A42651D264468004E66EF /* libWeChatSDK.a in Frameworks */ = {isa = PBXBuildFile; fileRef = 363A41DF1D2643D2004E66EF /* libWeChatSDK.a */; };
/* End PBXBuildFile section */

/* Begin PBXContainerItemProxy section */
		364A5BFA1B79BB1300C1CAE8 /* PBXContainerItemProxy */ = {
			isa = PBXContainerItemProxy;
			containerPortal = 364BC4CC1B5502C700EAFCCE /* Project object */;
			proxyType = 1;
			remoteGlobalIDString = 364BC4D31B5502C700EAFCCE;
			remoteInfo = BCPaySDK;
		};
/* End PBXContainerItemProxy section */

/* Begin PBXCopyFilesBuildPhase section */
		364BC4D21B5502C700EAFCCE /* CopyFiles */ = {
			isa = PBXCopyFilesBuildPhase;
			buildActionMask = 2147483647;
			dstPath = "include/$(PRODUCT_NAME)";
			dstSubfolderSpec = 16;
			files = (
			);
			runOnlyForDeploymentPostprocessing = 0;
		};
/* End PBXCopyFilesBuildPhase section */

/* Begin PBXFileReference section */
		363A41C31D2643D2004E66EF /* BeeCloud.h */ = {isa = PBXFileReference; fileEncoding = 4; lastKnownFileType = sourcecode.c.h; path = BeeCloud.h; sourceTree = "<group>"; };
		363A41C41D2643D2004E66EF /* BeeCloud.m */ = {isa = PBXFileReference; fileEncoding = 4; lastKnownFileType = sourcecode.c.objc; path = BeeCloud.m; sourceTree = "<group>"; };
		363A41C51D2643D2004E66EF /* EUExBase.h */ = {isa = PBXFileReference; fileEncoding = 4; lastKnownFileType = sourcecode.c.h; path = EUExBase.h; sourceTree = "<group>"; };
		363A41C61D2643D2004E66EF /* EUExBaseDefine.h */ = {isa = PBXFileReference; fileEncoding = 4; lastKnownFileType = sourcecode.c.h; path = EUExBaseDefine.h; sourceTree = "<group>"; };
		363A41C71D2643D2004E66EF /* EUtility.h */ = {isa = PBXFileReference; fileEncoding = 4; lastKnownFileType = sourcecode.c.h; path = EUtility.h; sourceTree = "<group>"; };
		363A41CB1D2643D2004E66EF /* AlipaySDK.h */ = {isa = PBXFileReference; fileEncoding = 4; lastKnownFileType = sourcecode.c.h; path = AlipaySDK.h; sourceTree = "<group>"; };
		363A41CC1D2643D2004E66EF /* APayAuthInfo.h */ = {isa = PBXFileReference; fileEncoding = 4; lastKnownFileType = sourcecode.c.h; path = APayAuthInfo.h; sourceTree = "<group>"; };
		363A41CE1D2643D2004E66EF /* libUPAPayPlugin.a */ = {isa = PBXFileReference; lastKnownFileType = archive.ar; path = libUPAPayPlugin.a; sourceTree = "<group>"; };
		363A41CF1D2643D2004E66EF /* UPAPayPlugin.h */ = {isa = PBXFileReference; fileEncoding = 4; lastKnownFileType = sourcecode.c.h; path = UPAPayPlugin.h; sourceTree = "<group>"; };
		363A41D01D2643D2004E66EF /* UPAPayPluginDelegate.h */ = {isa = PBXFileReference; fileEncoding = 4; lastKnownFileType = sourcecode.c.h; path = UPAPayPluginDelegate.h; sourceTree = "<group>"; };
		363A41D21D2643D2004E66EF /* JSON.h */ = {isa = PBXFileReference; fileEncoding = 4; lastKnownFileType = sourcecode.c.h; path = JSON.h; sourceTree = "<group>"; };
		363A41D31D2643D2004E66EF /* JSONParser.h */ = {isa = PBXFileReference; fileEncoding = 4; lastKnownFileType = sourcecode.c.h; path = JSONParser.h; sourceTree = "<group>"; };
		363A41D41D2643D2004E66EF /* NSObject+SBJSON.h */ = {isa = PBXFileReference; fileEncoding = 4; lastKnownFileType = sourcecode.c.h; path = "NSObject+SBJSON.h"; sourceTree = "<group>"; };
		363A41D51D2643D2004E66EF /* NSString+SBJSON.h */ = {isa = PBXFileReference; fileEncoding = 4; lastKnownFileType = sourcecode.c.h; path = "NSString+SBJSON.h"; sourceTree = "<group>"; };
		363A41D61D2643D2004E66EF /* SBJSON.h */ = {isa = PBXFileReference; fileEncoding = 4; lastKnownFileType = sourcecode.c.h; path = SBJSON.h; sourceTree = "<group>"; };
		363A41D71D2643D2004E66EF /* SBJsonBase.h */ = {isa = PBXFileReference; fileEncoding = 4; lastKnownFileType = sourcecode.c.h; path = SBJsonBase.h; sourceTree = "<group>"; };
		363A41D81D2643D2004E66EF /* SBJsonParser.h */ = {isa = PBXFileReference; fileEncoding = 4; lastKnownFileType = sourcecode.c.h; path = SBJsonParser.h; sourceTree = "<group>"; };
		363A41D91D2643D2004E66EF /* SBJsonWriter.h */ = {isa = PBXFileReference; fileEncoding = 4; lastKnownFileType = sourcecode.c.h; path = SBJsonWriter.h; sourceTree = "<group>"; };
		363A41DB1D2643D2004E66EF /* libUPPayPlugin.a */ = {isa = PBXFileReference; lastKnownFileType = archive.ar; path = libUPPayPlugin.a; sourceTree = "<group>"; };
		363A41DC1D2643D2004E66EF /* UPPayPlugin.h */ = {isa = PBXFileReference; fileEncoding = 4; lastKnownFileType = sourcecode.c.h; path = UPPayPlugin.h; sourceTree = "<group>"; };
		363A41DD1D2643D2004E66EF /* UPPayPluginDelegate.h */ = {isa = PBXFileReference; fileEncoding = 4; lastKnownFileType = sourcecode.c.h; path = UPPayPluginDelegate.h; sourceTree = "<group>"; };
		363A41DF1D2643D2004E66EF /* libWeChatSDK.a */ = {isa = PBXFileReference; lastKnownFileType = archive.ar; path = libWeChatSDK.a; sourceTree = "<group>"; };
		363A41E01D2643D2004E66EF /* WXApi.h */ = {isa = PBXFileReference; fileEncoding = 4; lastKnownFileType = sourcecode.c.h; path = WXApi.h; sourceTree = "<group>"; };
		363A41E11D2643D2004E66EF /* WXApiObject.h */ = {isa = PBXFileReference; fileEncoding = 4; lastKnownFileType = sourcecode.c.h; path = WXApiObject.h; sourceTree = "<group>"; };
		363A41E21D2643D2004E66EF /* Info.plist */ = {isa = PBXFileReference; fileEncoding = 4; lastKnownFileType = text.plist.xml; path = Info.plist; sourceTree = "<group>"; };
		363A41E51D2643D2004E66EF /* BCHTTPSessionManager.h */ = {isa = PBXFileReference; fileEncoding = 4; lastKnownFileType = sourcecode.c.h; path = BCHTTPSessionManager.h; sourceTree = "<group>"; };
		363A41E61D2643D2004E66EF /* BCHTTPSessionManager.m */ = {isa = PBXFileReference; fileEncoding = 4; lastKnownFileType = sourcecode.c.objc; path = BCHTTPSessionManager.m; sourceTree = "<group>"; };
		363A41E71D2643D2004E66EF /* BCNetworking.h */ = {isa = PBXFileReference; fileEncoding = 4; lastKnownFileType = sourcecode.c.h; path = BCNetworking.h; sourceTree = "<group>"; };
		363A41E81D2643D2004E66EF /* BCNetworkReachabilityManager.h */ = {isa = PBXFileReference; fileEncoding = 4; lastKnownFileType = sourcecode.c.h; path = BCNetworkReachabilityManager.h; sourceTree = "<group>"; };
		363A41E91D2643D2004E66EF /* BCNetworkReachabilityManager.m */ = {isa = PBXFileReference; fileEncoding = 4; lastKnownFileType = sourcecode.c.objc; path = BCNetworkReachabilityManager.m; sourceTree = "<group>"; };
		363A41EA1D2643D2004E66EF /* BCSecurityPolicy.h */ = {isa = PBXFileReference; fileEncoding = 4; lastKnownFileType = sourcecode.c.h; path = BCSecurityPolicy.h; sourceTree = "<group>"; };
		363A41EB1D2643D2004E66EF /* BCSecurityPolicy.m */ = {isa = PBXFileReference; fileEncoding = 4; lastKnownFileType = sourcecode.c.objc; path = BCSecurityPolicy.m; sourceTree = "<group>"; };
		363A41EC1D2643D2004E66EF /* BCURLRequestSerialization.h */ = {isa = PBXFileReference; fileEncoding = 4; lastKnownFileType = sourcecode.c.h; path = BCURLRequestSerialization.h; sourceTree = "<group>"; };
		363A41ED1D2643D2004E66EF /* BCURLRequestSerialization.m */ = {isa = PBXFileReference; fileEncoding = 4; lastKnownFileType = sourcecode.c.objc; path = BCURLRequestSerialization.m; sourceTree = "<group>"; };
		363A41EE1D2643D2004E66EF /* BCURLResponseSerialization.h */ = {isa = PBXFileReference; fileEncoding = 4; lastKnownFileType = sourcecode.c.h; path = BCURLResponseSerialization.h; sourceTree = "<group>"; };
		363A41EF1D2643D2004E66EF /* BCURLResponseSerialization.m */ = {isa = PBXFileReference; fileEncoding = 4; lastKnownFileType = sourcecode.c.objc; path = BCURLResponseSerialization.m; sourceTree = "<group>"; };
		363A41F01D2643D2004E66EF /* BCURLSessionManager.h */ = {isa = PBXFileReference; fileEncoding = 4; lastKnownFileType = sourcecode.c.h; path = BCURLSessionManager.h; sourceTree = "<group>"; };
		363A41F11D2643D2004E66EF /* BCURLSessionManager.m */ = {isa = PBXFileReference; fileEncoding = 4; lastKnownFileType = sourcecode.c.objc; path = BCURLSessionManager.m; sourceTree = "<group>"; };
		363A41F21D2643D2004E66EF /* BCPayCache.h */ = {isa = PBXFileReference; fileEncoding = 4; lastKnownFileType = sourcecode.c.h; path = BCPayCache.h; sourceTree = "<group>"; };
		363A41F31D2643D2004E66EF /* BCPayCache.m */ = {isa = PBXFileReference; fileEncoding = 4; lastKnownFileType = sourcecode.c.objc; path = BCPayCache.m; sourceTree = "<group>"; };
		363A41F41D2643D2004E66EF /* BCPayConstant.h */ = {isa = PBXFileReference; fileEncoding = 4; lastKnownFileType = sourcecode.c.h; path = BCPayConstant.h; sourceTree = "<group>"; };
		363A41F51D2643D2004E66EF /* BCPayUtil.h */ = {isa = PBXFileReference; fileEncoding = 4; lastKnownFileType = sourcecode.c.h; path = BCPayUtil.h; sourceTree = "<group>"; };
		363A41F61D2643D2004E66EF /* BCPayUtil.m */ = {isa = PBXFileReference; fileEncoding = 4; lastKnownFileType = sourcecode.c.objc; path = BCPayUtil.m; sourceTree = "<group>"; };
		363A41F71D2643D2004E66EF /* NSDictionary+Utils.h */ = {isa = PBXFileReference; fileEncoding = 4; lastKnownFileType = sourcecode.c.h; path = "NSDictionary+Utils.h"; sourceTree = "<group>"; };
		363A41F81D2643D2004E66EF /* NSDictionary+Utils.m */ = {isa = PBXFileReference; fileEncoding = 4; lastKnownFileType = sourcecode.c.objc; path = "NSDictionary+Utils.m"; sourceTree = "<group>"; };
		363A41F91D2643D2004E66EF /* NSString+IsValid.h */ = {isa = PBXFileReference; fileEncoding = 4; lastKnownFileType = sourcecode.c.h; path = "NSString+IsValid.h"; sourceTree = "<group>"; };
		363A41FA1D2643D2004E66EF /* NSString+IsValid.m */ = {isa = PBXFileReference; fileEncoding = 4; lastKnownFileType = sourcecode.c.objc; path = "NSString+IsValid.m"; sourceTree = "<group>"; };
		363A41FC1D2643D2004E66EF /* BaiduViewController.h */ = {isa = PBXFileReference; fileEncoding = 4; lastKnownFileType = sourcecode.c.h; path = BaiduViewController.h; sourceTree = "<group>"; };
		363A41FD1D2643D2004E66EF /* BaiduViewController.m */ = {isa = PBXFileReference; fileEncoding = 4; lastKnownFileType = sourcecode.c.objc; path = BaiduViewController.m; sourceTree = "<group>"; };
		363A41FE1D2643D2004E66EF /* PaySandBoxViewController.h */ = {isa = PBXFileReference; fileEncoding = 4; lastKnownFileType = sourcecode.c.h; path = PaySandBoxViewController.h; sourceTree = "<group>"; };
		363A41FF1D2643D2004E66EF /* PaySandBoxViewController.m */ = {isa = PBXFileReference; fileEncoding = 4; lastKnownFileType = sourcecode.c.objc; path = PaySandBoxViewController.m; sourceTree = "<group>"; };
		363A42011D2643D2004E66EF /* BCPay.h */ = {isa = PBXFileReference; fileEncoding = 4; lastKnownFileType = sourcecode.c.h; path = BCPay.h; sourceTree = "<group>"; };
		363A42021D2643D2004E66EF /* BCPay.m */ = {isa = PBXFileReference; fileEncoding = 4; lastKnownFileType = sourcecode.c.objc; path = BCPay.m; sourceTree = "<group>"; };
		363A42031D2643D2004E66EF /* BCPayObjects.h */ = {isa = PBXFileReference; fileEncoding = 4; lastKnownFileType = sourcecode.c.h; path = BCPayObjects.h; sourceTree = "<group>"; };
		363A42061D2643D2004E66EF /* BCBaseReq.h */ = {isa = PBXFileReference; fileEncoding = 4; lastKnownFileType = sourcecode.c.h; path = BCBaseReq.h; sourceTree = "<group>"; };
		363A42071D2643D2004E66EF /* BCBaseReq.m */ = {isa = PBXFileReference; fileEncoding = 4; lastKnownFileType = sourcecode.c.objc; path = BCBaseReq.m; sourceTree = "<group>"; };
		363A42081D2643D2004E66EF /* BCPayReq.h */ = {isa = PBXFileReference; fileEncoding = 4; lastKnownFileType = sourcecode.c.h; path = BCPayReq.h; sourceTree = "<group>"; };
		363A42091D2643D2004E66EF /* BCPayReq.m */ = {isa = PBXFileReference; fileEncoding = 4; lastKnownFileType = sourcecode.c.objc; path = BCPayReq.m; sourceTree = "<group>"; };
		363A420A1D2643D2004E66EF /* BCQueryRefundReq.h */ = {isa = PBXFileReference; fileEncoding = 4; lastKnownFileType = sourcecode.c.h; path = BCQueryRefundReq.h; sourceTree = "<group>"; };
		363A420B1D2643D2004E66EF /* BCQueryRefundReq.m */ = {isa = PBXFileReference; fileEncoding = 4; lastKnownFileType = sourcecode.c.objc; path = BCQueryRefundReq.m; sourceTree = "<group>"; };
		363A420C1D2643D2004E66EF /* BCQueryReq.h */ = {isa = PBXFileReference; fileEncoding = 4; lastKnownFileType = sourcecode.c.h; path = BCQueryReq.h; sourceTree = "<group>"; };
		363A420D1D2643D2004E66EF /* BCQueryReq.m */ = {isa = PBXFileReference; fileEncoding = 4; lastKnownFileType = sourcecode.c.objc; path = BCQueryReq.m; sourceTree = "<group>"; };
		363A420F1D2643D2004E66EF /* BCBaseResp.h */ = {isa = PBXFileReference; fileEncoding = 4; lastKnownFileType = sourcecode.c.h; path = BCBaseResp.h; sourceTree = "<group>"; };
		363A42101D2643D2004E66EF /* BCBaseResp.m */ = {isa = PBXFileReference; fileEncoding = 4; lastKnownFileType = sourcecode.c.objc; path = BCBaseResp.m; sourceTree = "<group>"; };
		363A42111D2643D2004E66EF /* BCPayResp.h */ = {isa = PBXFileReference; fileEncoding = 4; lastKnownFileType = sourcecode.c.h; path = BCPayResp.h; sourceTree = "<group>"; };
		363A42121D2643D2004E66EF /* BCPayResp.m */ = {isa = PBXFileReference; fileEncoding = 4; lastKnownFileType = sourcecode.c.objc; path = BCPayResp.m; sourceTree = "<group>"; };
		363A42131D2643D2004E66EF /* BCQueryResp.h */ = {isa = PBXFileReference; fileEncoding = 4; lastKnownFileType = sourcecode.c.h; path = BCQueryResp.h; sourceTree = "<group>"; };
		363A42141D2643D2004E66EF /* BCQueryResp.m */ = {isa = PBXFileReference; fileEncoding = 4; lastKnownFileType = sourcecode.c.objc; path = BCQueryResp.m; sourceTree = "<group>"; };
		363A42161D2643D2004E66EF /* BCBaseResult.h */ = {isa = PBXFileReference; fileEncoding = 4; lastKnownFileType = sourcecode.c.h; path = BCBaseResult.h; sourceTree = "<group>"; };
		363A42171D2643D2004E66EF /* BCBaseResult.m */ = {isa = PBXFileReference; fileEncoding = 4; lastKnownFileType = sourcecode.c.objc; path = BCBaseResult.m; sourceTree = "<group>"; };
		363A42181D2643D2004E66EF /* BCQueryBillResult.h */ = {isa = PBXFileReference; fileEncoding = 4; lastKnownFileType = sourcecode.c.h; path = BCQueryBillResult.h; sourceTree = "<group>"; };
		363A42191D2643D2004E66EF /* BCQueryBillResult.m */ = {isa = PBXFileReference; fileEncoding = 4; lastKnownFileType = sourcecode.c.objc; path = BCQueryBillResult.m; sourceTree = "<group>"; };
		363A421A1D2643D2004E66EF /* BCQueryRefundResult.h */ = {isa = PBXFileReference; fileEncoding = 4; lastKnownFileType = sourcecode.c.h; path = BCQueryRefundResult.h; sourceTree = "<group>"; };
		363A421B1D2643D2004E66EF /* BCQueryRefundResult.m */ = {isa = PBXFileReference; fileEncoding = 4; lastKnownFileType = sourcecode.c.objc; path = BCQueryRefundResult.m; sourceTree = "<group>"; };
		364BC4D41B5502C700EAFCCE /* libuexBeeCloud.a */ = {isa = PBXFileReference; explicitFileType = archive.ar; includeInIndex = 0; path = libuexBeeCloud.a; sourceTree = BUILT_PRODUCTS_DIR; };
		36DB45021C51D8DF00D1DDB2 /* AFNetworking.framework */ = {isa = PBXFileReference; lastKnownFileType = wrapper.framework; name = AFNetworking.framework; path = BCPaySDK/External/AFNetworking/AFNetworking.framework; sourceTree = "<group>"; };
		36DCE2A51B8D602A004BB25E /* libUPPayPlugin.a */ = {isa = PBXFileReference; lastKnownFileType = archive.ar; name = libUPPayPlugin.a; path = BCPaySDK/External/UnionPay/libUPPayPlugin.a; sourceTree = "<group>"; };
		36F1916D1D23A0910054E9B8 /* libUPAPayPlugin.a */ = {isa = PBXFileReference; lastKnownFileType = archive.ar; name = libUPAPayPlugin.a; path = BCPaySDK/External/Apple/libUPAPayPlugin.a; sourceTree = "<group>"; };
/* End PBXFileReference section */

/* Begin PBXFrameworksBuildPhase section */
		364BC4D11B5502C700EAFCCE /* Frameworks */ = {
			isa = PBXFrameworksBuildPhase;
			buildActionMask = 2147483647;
			files = (
				363A42651D264468004E66EF /* libWeChatSDK.a in Frameworks */,
				363A422E1D2643D2004E66EF /* libUPPayPlugin.a in Frameworks */,
				363A42231D2643D2004E66EF /* libUPAPayPlugin.a in Frameworks */,
			);
			runOnlyForDeploymentPostprocessing = 0;
		};
/* End PBXFrameworksBuildPhase section */

/* Begin PBXGroup section */
		363A41C11D2643D2004E66EF /* BCPaySDK */ = {
			isa = PBXGroup;
			children = (
				363A41C21D2643D2004E66EF /* AppCan */,
				363A41C81D2643D2004E66EF /* External */,
				363A41E21D2643D2004E66EF /* Info.plist */,
				363A41E31D2643D2004E66EF /* Internal */,
				363A42001D2643D2004E66EF /* Public */,
			);
			path = BCPaySDK;
			sourceTree = "<group>";
		};
		363A41C21D2643D2004E66EF /* AppCan */ = {
			isa = PBXGroup;
			children = (
				363A41C31D2643D2004E66EF /* BeeCloud.h */,
				363A41C41D2643D2004E66EF /* BeeCloud.m */,
				363A41C51D2643D2004E66EF /* EUExBase.h */,
				363A41C61D2643D2004E66EF /* EUExBaseDefine.h */,
				363A41C71D2643D2004E66EF /* EUtility.h */,
			);
			path = AppCan;
			sourceTree = "<group>";
		};
		363A41C81D2643D2004E66EF /* External */ = {
			isa = PBXGroup;
			children = (
				363A41C91D2643D2004E66EF /* AFNetworking */,
				363A41CA1D2643D2004E66EF /* AliPay */,
				363A41CD1D2643D2004E66EF /* Apple */,
				363A41D11D2643D2004E66EF /* JSON */,
				363A41DA1D2643D2004E66EF /* UnionPay */,
				363A41DE1D2643D2004E66EF /* WXPay */,
			);
			path = External;
			sourceTree = "<group>";
		};
		363A41C91D2643D2004E66EF /* AFNetworking */ = {
			isa = PBXGroup;
			children = (
			);
			path = AFNetworking;
			sourceTree = "<group>";
		};
		363A41CA1D2643D2004E66EF /* AliPay */ = {
			isa = PBXGroup;
			children = (
				363A41CB1D2643D2004E66EF /* AlipaySDK.h */,
				363A41CC1D2643D2004E66EF /* APayAuthInfo.h */,
			);
			path = AliPay;
			sourceTree = "<group>";
		};
		363A41CD1D2643D2004E66EF /* Apple */ = {
			isa = PBXGroup;
			children = (
				363A41CE1D2643D2004E66EF /* libUPAPayPlugin.a */,
				363A41CF1D2643D2004E66EF /* UPAPayPlugin.h */,
				363A41D01D2643D2004E66EF /* UPAPayPluginDelegate.h */,
			);
			path = Apple;
			sourceTree = "<group>";
		};
		363A41D11D2643D2004E66EF /* JSON */ = {
			isa = PBXGroup;
			children = (
				363A41D21D2643D2004E66EF /* JSON.h */,
				363A41D31D2643D2004E66EF /* JSONParser.h */,
				363A41D41D2643D2004E66EF /* NSObject+SBJSON.h */,
				363A41D51D2643D2004E66EF /* NSString+SBJSON.h */,
				363A41D61D2643D2004E66EF /* SBJSON.h */,
				363A41D71D2643D2004E66EF /* SBJsonBase.h */,
				363A41D81D2643D2004E66EF /* SBJsonParser.h */,
				363A41D91D2643D2004E66EF /* SBJsonWriter.h */,
			);
			path = JSON;
			sourceTree = "<group>";
		};
		363A41DA1D2643D2004E66EF /* UnionPay */ = {
			isa = PBXGroup;
			children = (
				363A41DB1D2643D2004E66EF /* libUPPayPlugin.a */,
				363A41DC1D2643D2004E66EF /* UPPayPlugin.h */,
				363A41DD1D2643D2004E66EF /* UPPayPluginDelegate.h */,
			);
			path = UnionPay;
			sourceTree = "<group>";
		};
		363A41DE1D2643D2004E66EF /* WXPay */ = {
			isa = PBXGroup;
			children = (
				363A41DF1D2643D2004E66EF /* libWeChatSDK.a */,
				363A41E01D2643D2004E66EF /* WXApi.h */,
				363A41E11D2643D2004E66EF /* WXApiObject.h */,
			);
			path = WXPay;
			sourceTree = "<group>";
		};
		363A41E31D2643D2004E66EF /* Internal */ = {
			isa = PBXGroup;
			children = (
				363A41E41D2643D2004E66EF /* BCNetworking */,
				363A41F21D2643D2004E66EF /* BCPayCache.h */,
				363A41F31D2643D2004E66EF /* BCPayCache.m */,
				363A41F41D2643D2004E66EF /* BCPayConstant.h */,
				363A41F51D2643D2004E66EF /* BCPayUtil.h */,
				363A41F61D2643D2004E66EF /* BCPayUtil.m */,
				363A41F71D2643D2004E66EF /* NSDictionary+Utils.h */,
				363A41F81D2643D2004E66EF /* NSDictionary+Utils.m */,
				363A41F91D2643D2004E66EF /* NSString+IsValid.h */,
				363A41FA1D2643D2004E66EF /* NSString+IsValid.m */,
				363A41FB1D2643D2004E66EF /* ViewController */,
			);
			path = Internal;
			sourceTree = "<group>";
		};
		363A41E41D2643D2004E66EF /* BCNetworking */ = {
			isa = PBXGroup;
			children = (
				363A41E51D2643D2004E66EF /* BCHTTPSessionManager.h */,
				363A41E61D2643D2004E66EF /* BCHTTPSessionManager.m */,
				363A41E71D2643D2004E66EF /* BCNetworking.h */,
				363A41E81D2643D2004E66EF /* BCNetworkReachabilityManager.h */,
				363A41E91D2643D2004E66EF /* BCNetworkReachabilityManager.m */,
				363A41EA1D2643D2004E66EF /* BCSecurityPolicy.h */,
				363A41EB1D2643D2004E66EF /* BCSecurityPolicy.m */,
				363A41EC1D2643D2004E66EF /* BCURLRequestSerialization.h */,
				363A41ED1D2643D2004E66EF /* BCURLRequestSerialization.m */,
				363A41EE1D2643D2004E66EF /* BCURLResponseSerialization.h */,
				363A41EF1D2643D2004E66EF /* BCURLResponseSerialization.m */,
				363A41F01D2643D2004E66EF /* BCURLSessionManager.h */,
				363A41F11D2643D2004E66EF /* BCURLSessionManager.m */,
			);
			path = BCNetworking;
			sourceTree = "<group>";
		};
		363A41FB1D2643D2004E66EF /* ViewController */ = {
			isa = PBXGroup;
			children = (
				363A41FC1D2643D2004E66EF /* BaiduViewController.h */,
				363A41FD1D2643D2004E66EF /* BaiduViewController.m */,
				363A41FE1D2643D2004E66EF /* PaySandBoxViewController.h */,
				363A41FF1D2643D2004E66EF /* PaySandBoxViewController.m */,
			);
			path = ViewController;
			sourceTree = "<group>";
		};
		363A42001D2643D2004E66EF /* Public */ = {
			isa = PBXGroup;
			children = (
				363A42011D2643D2004E66EF /* BCPay.h */,
				363A42021D2643D2004E66EF /* BCPay.m */,
				363A42031D2643D2004E66EF /* BCPayObjects.h */,
				363A42041D2643D2004E66EF /* Classes */,
			);
			path = Public;
			sourceTree = "<group>";
		};
		363A42041D2643D2004E66EF /* Classes */ = {
			isa = PBXGroup;
			children = (
				363A42051D2643D2004E66EF /* BCRequest */,
				363A420E1D2643D2004E66EF /* BCResponse */,
				363A42151D2643D2004E66EF /* BCResults */,
			);
			path = Classes;
			sourceTree = "<group>";
		};
		363A42051D2643D2004E66EF /* BCRequest */ = {
			isa = PBXGroup;
			children = (
				363A42061D2643D2004E66EF /* BCBaseReq.h */,
				363A42071D2643D2004E66EF /* BCBaseReq.m */,
				363A42081D2643D2004E66EF /* BCPayReq.h */,
				363A42091D2643D2004E66EF /* BCPayReq.m */,
				363A420A1D2643D2004E66EF /* BCQueryRefundReq.h */,
				363A420B1D2643D2004E66EF /* BCQueryRefundReq.m */,
				363A420C1D2643D2004E66EF /* BCQueryReq.h */,
				363A420D1D2643D2004E66EF /* BCQueryReq.m */,
			);
			path = BCRequest;
			sourceTree = "<group>";
		};
		363A420E1D2643D2004E66EF /* BCResponse */ = {
			isa = PBXGroup;
			children = (
				363A420F1D2643D2004E66EF /* BCBaseResp.h */,
				363A42101D2643D2004E66EF /* BCBaseResp.m */,
				363A42111D2643D2004E66EF /* BCPayResp.h */,
				363A42121D2643D2004E66EF /* BCPayResp.m */,
				363A42131D2643D2004E66EF /* BCQueryResp.h */,
				363A42141D2643D2004E66EF /* BCQueryResp.m */,
			);
			path = BCResponse;
			sourceTree = "<group>";
		};
		363A42151D2643D2004E66EF /* BCResults */ = {
			isa = PBXGroup;
			children = (
				363A42161D2643D2004E66EF /* BCBaseResult.h */,
				363A42171D2643D2004E66EF /* BCBaseResult.m */,
				363A42181D2643D2004E66EF /* BCQueryBillResult.h */,
				363A42191D2643D2004E66EF /* BCQueryBillResult.m */,
				363A421A1D2643D2004E66EF /* BCQueryRefundResult.h */,
				363A421B1D2643D2004E66EF /* BCQueryRefundResult.m */,
			);
			path = BCResults;
			sourceTree = "<group>";
		};
		364BC4CB1B5502C700EAFCCE = {
			isa = PBXGroup;
			children = (
				363A41C11D2643D2004E66EF /* BCPaySDK */,
				36DCE2A41B8D600B004BB25E /* Frameworks */,
				364BC4D51B5502C700EAFCCE /* Products */,
			);
			sourceTree = "<group>";
		};
		364BC4D51B5502C700EAFCCE /* Products */ = {
			isa = PBXGroup;
			children = (
				364BC4D41B5502C700EAFCCE /* libuexBeeCloud.a */,
			);
			name = Products;
			sourceTree = "<group>";
		};
		36DCE2A41B8D600B004BB25E /* Frameworks */ = {
			isa = PBXGroup;
			children = (
				36F1916D1D23A0910054E9B8 /* libUPAPayPlugin.a */,
				36DB45021C51D8DF00D1DDB2 /* AFNetworking.framework */,
				36DCE2A51B8D602A004BB25E /* libUPPayPlugin.a */,
			);
			name = Frameworks;
			sourceTree = "<group>";
		};
/* End PBXGroup section */

/* Begin PBXHeadersBuildPhase section */
		364BC54C1B55098200EAFCCE /* Headers */ = {
			isa = PBXHeadersBuildPhase;
			buildActionMask = 2147483647;
			files = (
				363A424A1D2643D2004E66EF /* BaiduViewController.h in Headers */,
				363A425D1D2643D2004E66EF /* BCQueryResp.h in Headers */,
				363A42301D2643D2004E66EF /* UPPayPluginDelegate.h in Headers */,
				363A422D1D2643D2004E66EF /* SBJsonWriter.h in Headers */,
				363A422B1D2643D2004E66EF /* SBJsonBase.h in Headers */,
				363A422F1D2643D2004E66EF /* UPPayPlugin.h in Headers */,
				363A42501D2643D2004E66EF /* BCPayObjects.h in Headers */,
				363A421F1D2643D2004E66EF /* EUExBaseDefine.h in Headers */,
				363A42391D2643D2004E66EF /* BCSecurityPolicy.h in Headers */,
				363A423F1D2643D2004E66EF /* BCURLSessionManager.h in Headers */,
				363A42291D2643D2004E66EF /* NSString+SBJSON.h in Headers */,
				363A42551D2643D2004E66EF /* BCQueryRefundReq.h in Headers */,
				363A42441D2643D2004E66EF /* BCPayUtil.h in Headers */,
				363A42221D2643D2004E66EF /* APayAuthInfo.h in Headers */,
				363A42201D2643D2004E66EF /* EUtility.h in Headers */,
				363A42461D2643D2004E66EF /* NSDictionary+Utils.h in Headers */,
				363A42271D2643D2004E66EF /* JSONParser.h in Headers */,
				363A42341D2643D2004E66EF /* BCHTTPSessionManager.h in Headers */,
				363A421E1D2643D2004E66EF /* EUExBase.h in Headers */,
				363A42591D2643D2004E66EF /* BCBaseResp.h in Headers */,
				363A422A1D2643D2004E66EF /* SBJSON.h in Headers */,
				363A425B1D2643D2004E66EF /* BCPayResp.h in Headers */,
				363A42511D2643D2004E66EF /* BCBaseReq.h in Headers */,
				363A423B1D2643D2004E66EF /* BCURLRequestSerialization.h in Headers */,
				363A424C1D2643D2004E66EF /* PaySandBoxViewController.h in Headers */,
				363A422C1D2643D2004E66EF /* SBJsonParser.h in Headers */,
				363A42321D2643D2004E66EF /* WXApi.h in Headers */,
				363A424E1D2643D2004E66EF /* BCPay.h in Headers */,
				363A42371D2643D2004E66EF /* BCNetworkReachabilityManager.h in Headers */,
				363A42241D2643D2004E66EF /* UPAPayPlugin.h in Headers */,
				363A42211D2643D2004E66EF /* AlipaySDK.h in Headers */,
				363A423D1D2643D2004E66EF /* BCURLResponseSerialization.h in Headers */,
				363A42571D2643D2004E66EF /* BCQueryReq.h in Headers */,
				363A42611D2643D2004E66EF /* BCQueryBillResult.h in Headers */,
				363A42481D2643D2004E66EF /* NSString+IsValid.h in Headers */,
				363A42531D2643D2004E66EF /* BCPayReq.h in Headers */,
				363A42431D2643D2004E66EF /* BCPayConstant.h in Headers */,
				363A42261D2643D2004E66EF /* JSON.h in Headers */,
				363A42361D2643D2004E66EF /* BCNetworking.h in Headers */,
				363A42251D2643D2004E66EF /* UPAPayPluginDelegate.h in Headers */,
				363A42281D2643D2004E66EF /* NSObject+SBJSON.h in Headers */,
				363A42631D2643D2004E66EF /* BCQueryRefundResult.h in Headers */,
				363A42411D2643D2004E66EF /* BCPayCache.h in Headers */,
				363A421C1D2643D2004E66EF /* BeeCloud.h in Headers */,
				363A42331D2643D2004E66EF /* WXApiObject.h in Headers */,
				363A425F1D2643D2004E66EF /* BCBaseResult.h in Headers */,
			);
			runOnlyForDeploymentPostprocessing = 0;
		};
/* End PBXHeadersBuildPhase section */

/* Begin PBXNativeTarget section */
		364BC4D31B5502C700EAFCCE /* BCPaySDK */ = {
			isa = PBXNativeTarget;
			buildConfigurationList = 364BC4E81B5502C700EAFCCE /* Build configuration list for PBXNativeTarget "BCPaySDK" */;
			buildPhases = (
				364BC4D01B5502C700EAFCCE /* Sources */,
				364BC4D11B5502C700EAFCCE /* Frameworks */,
				364BC4D21B5502C700EAFCCE /* CopyFiles */,
				364BC54C1B55098200EAFCCE /* Headers */,
			);
			buildRules = (
			);
			dependencies = (
			);
			name = BCPaySDK;
			productName = BCPaySDK;
			productReference = 364BC4D41B5502C700EAFCCE /* libuexBeeCloud.a */;
			productType = "com.apple.product-type.library.static";
		};
/* End PBXNativeTarget section */

/* Begin PBXProject section */
		364BC4CC1B5502C700EAFCCE /* Project object */ = {
			isa = PBXProject;
			attributes = {
				LastUpgradeCheck = 0730;
				ORGANIZATIONNAME = BeeCloud;
				TargetAttributes = {
					364A5BF51B799D6E00C1CAE8 = {
						CreatedOnToolsVersion = 6.4;
					};
					364BC4D31B5502C700EAFCCE = {
						CreatedOnToolsVersion = 6.4;
					};
				};
			};
			buildConfigurationList = 364BC4CF1B5502C700EAFCCE /* Build configuration list for PBXProject "BCPaySDK" */;
			compatibilityVersion = "Xcode 3.2";
			developmentRegion = English;
			hasScannedForEncodings = 0;
			knownRegions = (
				en,
			);
			mainGroup = 364BC4CB1B5502C700EAFCCE;
			productRefGroup = 364BC4D51B5502C700EAFCCE /* Products */;
			projectDirPath = "";
			projectRoot = "";
			targets = (
				364BC4D31B5502C700EAFCCE /* BCPaySDK */,
				364A5BF51B799D6E00C1CAE8 /* libBCPaySDK */,
			);
		};
/* End PBXProject section */

/* Begin PBXShellScriptBuildPhase section */
		364A5BF91B799D7200C1CAE8 /* ShellScript */ = {
			isa = PBXShellScriptBuildPhase;
			buildActionMask = 2147483647;
			files = (
			);
			inputPaths = (
			);
			outputPaths = (
			);
			runOnlyForDeploymentPostprocessing = 0;
			shellPath = /bin/sh;
			shellScript = "\nLIB_NAME=\"libuexBeeCloud.a\"\n# Install dir will be the final output to the framework.\n# The following line create it in the root folder of the current project.\nINSTALL_DIR=${SRCROOT}/Products/${PROJECT_NAME}\n# Working dir will be deleted after the framework creation.\nWRK_DIR=${SRCROOT}/build\nDEVICE_DIR=${WRK_DIR}/Release-iphoneos\nSIMULATOR_DIR=${WRK_DIR}/Release-iphonesimulator\n# -configuration ${CONFIGURATION}\n# Clean and Building both architectures.\nxcodebuild -configuration \"Release\" -target \"${PROJECT_NAME}\" -sdk iphoneos clean build\nxcodebuild -configuration \"Release\" -target \"${PROJECT_NAME}\" -sdk iphonesimulator clean build\n\n# Cleaning the oldest.\nif [ -d \"${INSTALL_DIR}\" ]\nthen\nrm -rf \"${INSTALL_DIR}\"\nfi\nmkdir -p \"${INSTALL_DIR}\"\n\n# cp -R \"${DEVICE_DIR}/usr/local/include/\" \"${INSTALL_DIR}/\"\n# Uses the Lipo Tool to merge both binary files (i386 + armv6/armv7) into one Universal final product.\nlipo -create \"${DEVICE_DIR}/${LIB_NAME}\" \"${SIMULATOR_DIR}/${LIB_NAME}\" -output \"${INSTALL_DIR}/${LIB_NAME}\"\n\nrm -r \"${WRK_DIR}\"\n\nopen \"${INSTALL_DIR}\"";
		};
/* End PBXShellScriptBuildPhase section */

/* Begin PBXSourcesBuildPhase section */
		364BC4D01B5502C700EAFCCE /* Sources */ = {
			isa = PBXSourcesBuildPhase;
			buildActionMask = 2147483647;
			files = (
				363A424B1D2643D2004E66EF /* BaiduViewController.m in Sources */,
				363A424F1D2643D2004E66EF /* BCPay.m in Sources */,
				363A42581D2643D2004E66EF /* BCQueryReq.m in Sources */,
				363A425C1D2643D2004E66EF /* BCPayResp.m in Sources */,
				363A424D1D2643D2004E66EF /* PaySandBoxViewController.m in Sources */,
				363A42471D2643D2004E66EF /* NSDictionary+Utils.m in Sources */,
				363A42521D2643D2004E66EF /* BCBaseReq.m in Sources */,
				363A42561D2643D2004E66EF /* BCQueryRefundReq.m in Sources */,
				363A423E1D2643D2004E66EF /* BCURLResponseSerialization.m in Sources */,
				363A421D1D2643D2004E66EF /* BeeCloud.m in Sources */,
				363A425E1D2643D2004E66EF /* BCQueryResp.m in Sources */,
				363A42421D2643D2004E66EF /* BCPayCache.m in Sources */,
				363A42491D2643D2004E66EF /* NSString+IsValid.m in Sources */,
				363A425A1D2643D2004E66EF /* BCBaseResp.m in Sources */,
				363A42641D2643D2004E66EF /* BCQueryRefundResult.m in Sources */,
				363A42401D2643D2004E66EF /* BCURLSessionManager.m in Sources */,
				363A42381D2643D2004E66EF /* BCNetworkReachabilityManager.m in Sources */,
				363A42451D2643D2004E66EF /* BCPayUtil.m in Sources */,
				363A42541D2643D2004E66EF /* BCPayReq.m in Sources */,
				363A42601D2643D2004E66EF /* BCBaseResult.m in Sources */,
				363A42621D2643D2004E66EF /* BCQueryBillResult.m in Sources */,
				363A423A1D2643D2004E66EF /* BCSecurityPolicy.m in Sources */,
				363A423C1D2643D2004E66EF /* BCURLRequestSerialization.m in Sources */,
				363A42351D2643D2004E66EF /* BCHTTPSessionManager.m in Sources */,
			);
			runOnlyForDeploymentPostprocessing = 0;
		};
/* End PBXSourcesBuildPhase section */

/* Begin PBXTargetDependency section */
		364A5BFB1B79BB1300C1CAE8 /* PBXTargetDependency */ = {
			isa = PBXTargetDependency;
			target = 364BC4D31B5502C700EAFCCE /* BCPaySDK */;
			targetProxy = 364A5BFA1B79BB1300C1CAE8 /* PBXContainerItemProxy */;
		};
/* End PBXTargetDependency section */

/* Begin XCBuildConfiguration section */
		364A5BF71B799D6E00C1CAE8 /* Debug */ = {
			isa = XCBuildConfiguration;
			buildSettings = {
				PRODUCT_NAME = libuexBeeCloud;
			};
			name = Debug;
		};
		364A5BF81B799D6E00C1CAE8 /* Release */ = {
			isa = XCBuildConfiguration;
			buildSettings = {
				PRODUCT_NAME = libuexBeeCloud;
			};
			name = Release;
		};
		364BC4E61B5502C700EAFCCE /* Debug */ = {
			isa = XCBuildConfiguration;
			buildSettings = {
				ALWAYS_SEARCH_USER_PATHS = NO;
				CLANG_CXX_LANGUAGE_STANDARD = "gnu++0x";
				CLANG_CXX_LIBRARY = "libc++";
				CLANG_ENABLE_MODULES = YES;
				CLANG_ENABLE_OBJC_ARC = YES;
				CLANG_WARN_BOOL_CONVERSION = YES;
				CLANG_WARN_CONSTANT_CONVERSION = YES;
				CLANG_WARN_DIRECT_OBJC_ISA_USAGE = YES_ERROR;
				CLANG_WARN_EMPTY_BODY = YES;
				CLANG_WARN_ENUM_CONVERSION = YES;
				CLANG_WARN_INT_CONVERSION = YES;
				CLANG_WARN_OBJC_ROOT_CLASS = YES_ERROR;
				CLANG_WARN_UNREACHABLE_CODE = YES;
				CLANG_WARN__DUPLICATE_METHOD_MATCH = YES;
				COPY_PHASE_STRIP = NO;
				DEBUG_INFORMATION_FORMAT = "dwarf-with-dsym";
				ENABLE_STRICT_OBJC_MSGSEND = YES;
				ENABLE_TESTABILITY = YES;
				GCC_C_LANGUAGE_STANDARD = gnu99;
				GCC_DYNAMIC_NO_PIC = NO;
				GCC_NO_COMMON_BLOCKS = YES;
				GCC_OPTIMIZATION_LEVEL = 0;
				GCC_PREPROCESSOR_DEFINITIONS = (
					"DEBUG=1",
					"$(inherited)",
				);
				GCC_SYMBOLS_PRIVATE_EXTERN = NO;
				GCC_WARN_64_TO_32_BIT_CONVERSION = YES;
				GCC_WARN_ABOUT_RETURN_TYPE = YES_ERROR;
				GCC_WARN_UNDECLARED_SELECTOR = YES;
				GCC_WARN_UNINITIALIZED_AUTOS = YES_AGGRESSIVE;
				GCC_WARN_UNUSED_FUNCTION = YES;
				GCC_WARN_UNUSED_VARIABLE = YES;
				IPHONEOS_DEPLOYMENT_TARGET = 7.0;
				MTL_ENABLE_DEBUG_INFO = YES;
				ONLY_ACTIVE_ARCH = YES;
				SDKROOT = iphoneos;
			};
			name = Debug;
		};
		364BC4E71B5502C700EAFCCE /* Release */ = {
			isa = XCBuildConfiguration;
			buildSettings = {
				ALWAYS_SEARCH_USER_PATHS = NO;
				CLANG_CXX_LANGUAGE_STANDARD = "gnu++0x";
				CLANG_CXX_LIBRARY = "libc++";
				CLANG_ENABLE_MODULES = YES;
				CLANG_ENABLE_OBJC_ARC = YES;
				CLANG_WARN_BOOL_CONVERSION = YES;
				CLANG_WARN_CONSTANT_CONVERSION = YES;
				CLANG_WARN_DIRECT_OBJC_ISA_USAGE = YES_ERROR;
				CLANG_WARN_EMPTY_BODY = YES;
				CLANG_WARN_ENUM_CONVERSION = YES;
				CLANG_WARN_INT_CONVERSION = YES;
				CLANG_WARN_OBJC_ROOT_CLASS = YES_ERROR;
				CLANG_WARN_UNREACHABLE_CODE = YES;
				CLANG_WARN__DUPLICATE_METHOD_MATCH = YES;
				COPY_PHASE_STRIP = NO;
				DEBUG_INFORMATION_FORMAT = "dwarf-with-dsym";
				ENABLE_NS_ASSERTIONS = NO;
				ENABLE_STRICT_OBJC_MSGSEND = YES;
				GCC_C_LANGUAGE_STANDARD = gnu99;
				GCC_NO_COMMON_BLOCKS = YES;
				GCC_WARN_64_TO_32_BIT_CONVERSION = YES;
				GCC_WARN_ABOUT_RETURN_TYPE = YES_ERROR;
				GCC_WARN_UNDECLARED_SELECTOR = YES;
				GCC_WARN_UNINITIALIZED_AUTOS = YES_AGGRESSIVE;
				GCC_WARN_UNUSED_FUNCTION = YES;
				GCC_WARN_UNUSED_VARIABLE = YES;
				IPHONEOS_DEPLOYMENT_TARGET = 7.0;
				MTL_ENABLE_DEBUG_INFO = NO;
				SDKROOT = iphoneos;
				VALIDATE_PRODUCT = YES;
			};
			name = Release;
		};
		364BC4E91B5502C700EAFCCE /* Debug */ = {
			isa = XCBuildConfiguration;
			buildSettings = {
				FRAMEWORK_SEARCH_PATHS = (
					"$(inherited)",
					"$(PROJECT_DIR)/External/BeeCloudSDK",
					"$(PROJECT_DIR)/BCPaySDK/External/AFNetworking",
				);
				GCC_PRECOMPILE_PREFIX_HEADER = YES;
				GCC_PREFIX_HEADER = "";
				LIBRARY_SEARCH_PATHS = (
					"$(inherited)",
					"$(PROJECT_DIR)/External/UnionPaySDK",
					"$(PROJECT_DIR)/External/WeChatSDK",
					"$(PROJECT_DIR)/BCPaySDK/External/UnionPay",
					"$(PROJECT_DIR)/BCPaySDK/External/Apple",
					"$(PROJECT_DIR)/BCPaySDK/External/WXPay",
				);
				OTHER_LDFLAGS = "-ObjC";
				PRODUCT_NAME = uexBeeCloud;
				SKIP_INSTALL = YES;
			};
			name = Debug;
		};
		364BC4EA1B5502C700EAFCCE /* Release */ = {
			isa = XCBuildConfiguration;
			buildSettings = {
				FRAMEWORK_SEARCH_PATHS = (
					"$(inherited)",
					"$(PROJECT_DIR)/External/BeeCloudSDK",
					"$(PROJECT_DIR)/BCPaySDK/External/AFNetworking",
				);
				GCC_PRECOMPILE_PREFIX_HEADER = YES;
				GCC_PREFIX_HEADER = "";
				LIBRARY_SEARCH_PATHS = (
					"$(inherited)",
					"$(PROJECT_DIR)/External/UnionPaySDK",
					"$(PROJECT_DIR)/External/WeChatSDK",
					"$(PROJECT_DIR)/BCPaySDK/External/UnionPay",
					"$(PROJECT_DIR)/BCPaySDK/External/Apple",
					"$(PROJECT_DIR)/BCPaySDK/External/WXPay",
				);
				OTHER_LDFLAGS = "-ObjC";
				PRODUCT_NAME = uexBeeCloud;
				SKIP_INSTALL = YES;
			};
			name = Release;
		};
/* End XCBuildConfiguration section */

/* Begin XCConfigurationList section */
		364A5BF61B799D6E00C1CAE8 /* Build configuration list for PBXAggregateTarget "libBCPaySDK" */ = {
			isa = XCConfigurationList;
			buildConfigurations = (
				364A5BF71B799D6E00C1CAE8 /* Debug */,
				364A5BF81B799D6E00C1CAE8 /* Release */,
			);
			defaultConfigurationIsVisible = 0;
			defaultConfigurationName = Release;
		};
		364BC4CF1B5502C700EAFCCE /* Build configuration list for PBXProject "BCPaySDK" */ = {
			isa = XCConfigurationList;
			buildConfigurations = (
				364BC4E61B5502C700EAFCCE /* Debug */,
				364BC4E71B5502C700EAFCCE /* Release */,
			);
			defaultConfigurationIsVisible = 0;
			defaultConfigurationName = Release;
		};
		364BC4E81B5502C700EAFCCE /* Build configuration list for PBXNativeTarget "BCPaySDK" */ = {
			isa = XCConfigurationList;
			buildConfigurations = (
				364BC4E91B5502C700EAFCCE /* Debug */,
				364BC4EA1B5502C700EAFCCE /* Release */,
			);
			defaultConfigurationIsVisible = 0;
			defaultConfigurationName = Release;
		};
/* End XCConfigurationList section */
	};
	rootObject = 364BC4CC1B5502C700EAFCCE /* Project object */;
}
